// !$*UTF8*$!
{
	archiveVersion = 1;
	classes = {
	};
	objectVersion = 60;
	objects = {

/* Begin PBXBuildFile section */
		323132D22AC0D53A0088639E /* SwiftTVApp.swift in Sources */ = {isa = PBXBuildFile; fileRef = 323132D12AC0D53A0088639E /* SwiftTVApp.swift */; };
		323132D62AC0D53A0088639E /* Item.swift in Sources */ = {isa = PBXBuildFile; fileRef = 323132D52AC0D53A0088639E /* Item.swift */; };
		323132D82AC0D53B0088639E /* Assets.xcassets in Resources */ = {isa = PBXBuildFile; fileRef = 323132D72AC0D53B0088639E /* Assets.xcassets */; };
		323132DC2AC0D53B0088639E /* Preview Assets.xcassets in Resources */ = {isa = PBXBuildFile; fileRef = 323132DB2AC0D53B0088639E /* Preview Assets.xcassets */; };
		323132E62AC0D53B0088639E /* SwiftTVTests.swift in Sources */ = {isa = PBXBuildFile; fileRef = 323132E52AC0D53B0088639E /* SwiftTVTests.swift */; };
		323132F02AC0D53B0088639E /* SwiftTVUITests.swift in Sources */ = {isa = PBXBuildFile; fileRef = 323132EF2AC0D53B0088639E /* SwiftTVUITests.swift */; };
		323132F22AC0D53B0088639E /* SwiftTVUITestsLaunchTests.swift in Sources */ = {isa = PBXBuildFile; fileRef = 323132F12AC0D53B0088639E /* SwiftTVUITestsLaunchTests.swift */; };
		323133002AC0DAA10088639E /* ComposableArchitecture in Frameworks */ = {isa = PBXBuildFile; productRef = 323132FF2AC0DAA10088639E /* ComposableArchitecture */; };
		323133032AC0DAAF0088639E /* SFSymbolEnum in Frameworks */ = {isa = PBXBuildFile; productRef = 323133022AC0DAAF0088639E /* SFSymbolEnum */; };
		323133092AC0DB7A0088639E /* Data in Frameworks */ = {isa = PBXBuildFile; productRef = 323133082AC0DB7A0088639E /* Data */; };
		3231330B2AC0DB7E0088639E /* Domain in Frameworks */ = {isa = PBXBuildFile; productRef = 3231330A2AC0DB7E0088639E /* Domain */; };
		323133212AC0DCDB0088639E /* LoadingView.swift in Sources */ = {isa = PBXBuildFile; fileRef = 3231330F2AC0DCDB0088639E /* LoadingView.swift */; };
		323133232AC0DCDB0088639E /* RootView+State.swift in Sources */ = {isa = PBXBuildFile; fileRef = 323133142AC0DCDB0088639E /* RootView+State.swift */; };
		323133242AC0DCDB0088639E /* RootView.swift in Sources */ = {isa = PBXBuildFile; fileRef = 323133152AC0DCDB0088639E /* RootView.swift */; };
		323133252AC0DCDB0088639E /* RootView+Action.swift in Sources */ = {isa = PBXBuildFile; fileRef = 323133162AC0DCDB0088639E /* RootView+Action.swift */; };
		323133262AC0DCDB0088639E /* AppFeature.swift in Sources */ = {isa = PBXBuildFile; fileRef = 323133182AC0DCDB0088639E /* AppFeature.swift */; };
		323133272AC0DCDB0088639E /* AppFeature+Action.swift in Sources */ = {isa = PBXBuildFile; fileRef = 323133192AC0DCDB0088639E /* AppFeature+Action.swift */; };
		323133282AC0DCDB0088639E /* AppFeature+State.swift in Sources */ = {isa = PBXBuildFile; fileRef = 3231331A2AC0DCDB0088639E /* AppFeature+State.swift */; };
		323133292AC0DCDB0088639E /* TabBarView.swift in Sources */ = {isa = PBXBuildFile; fileRef = 3231331C2AC0DCDB0088639E /* TabBarView.swift */; };
		3231332A2AC0DCDB0088639E /* TabBarFeature.swift in Sources */ = {isa = PBXBuildFile; fileRef = 3231331D2AC0DCDB0088639E /* TabBarFeature.swift */; };
		3231332B2AC0DCDB0088639E /* DataDIContainer.swift in Sources */ = {isa = PBXBuildFile; fileRef = 3231331F2AC0DCDB0088639E /* DataDIContainer.swift */; };
		3231332C2AC0DCDB0088639E /* DomainDIContainer.swift in Sources */ = {isa = PBXBuildFile; fileRef = 323133202AC0DCDB0088639E /* DomainDIContainer.swift */; };
		326BB34E2AC37741006444AE /* MLDFeatures in Frameworks */ = {isa = PBXBuildFile; productRef = 326BB34D2AC37741006444AE /* MLDFeatures */; };
		329E59B72AC1033D00D0FBAF /* SeriesListView.swift in Sources */ = {isa = PBXBuildFile; fileRef = 329E59B62AC1033D00D0FBAF /* SeriesListView.swift */; };
		329E59BA2AC1035300D0FBAF /* SeriesListFeature.swift in Sources */ = {isa = PBXBuildFile; fileRef = 329E59B92AC1035300D0FBAF /* SeriesListFeature.swift */; };
		329E59BC2AC1041C00D0FBAF /* SeriesListView+State.swift in Sources */ = {isa = PBXBuildFile; fileRef = 329E59BB2AC1041C00D0FBAF /* SeriesListView+State.swift */; };
		329E59BE2AC1054A00D0FBAF /* TabBarViewBuilder.swift in Sources */ = {isa = PBXBuildFile; fileRef = 329E59BD2AC1054A00D0FBAF /* TabBarViewBuilder.swift */; };
		329E59C12AC17C4600D0FBAF /* SeriesListView+Action.swift in Sources */ = {isa = PBXBuildFile; fileRef = 329E59C02AC17C4600D0FBAF /* SeriesListView+Action.swift */; };
		329E59C42AC17D6C00D0FBAF /* SerieCollection.swift in Sources */ = {isa = PBXBuildFile; fileRef = 329E59C32AC17D6C00D0FBAF /* SerieCollection.swift */; };
		329E59C62AC17FB400D0FBAF /* MLDCore in Frameworks */ = {isa = PBXBuildFile; productRef = 329E59C52AC17FB400D0FBAF /* MLDCore */; };
		329E59C82AC1878A00D0FBAF /* MediaThumbnailView.swift in Sources */ = {isa = PBXBuildFile; fileRef = 329E59C72AC1878A00D0FBAF /* MediaThumbnailView.swift */; };
		329E59CA2AC191A400D0FBAF /* NetworkImage.swift in Sources */ = {isa = PBXBuildFile; fileRef = 329E59C92AC191A400D0FBAF /* NetworkImage.swift */; };
		329E59D62AC194AD00D0FBAF /* MediaThumnailFeature.swift in Sources */ = {isa = PBXBuildFile; fileRef = 329E59D52AC194AD00D0FBAF /* MediaThumnailFeature.swift */; };
		329E59D82AC195D900D0FBAF /* SerieSectionView.swift in Sources */ = {isa = PBXBuildFile; fileRef = 329E59D72AC195D900D0FBAF /* SerieSectionView.swift */; };
		329E59DA2AC197B100D0FBAF /* SerieSectionFeature.swift in Sources */ = {isa = PBXBuildFile; fileRef = 329E59D92AC197B100D0FBAF /* SerieSectionFeature.swift */; };
		329E59DE2AC2CD5E00D0FBAF /* SeriesListFeatureTests.swift in Sources */ = {isa = PBXBuildFile; fileRef = 329E59DD2AC2CD5E00D0FBAF /* SeriesListFeatureTests.swift */; };
		329E59E12AC2F40400D0FBAF /* PowerAssert in Frameworks */ = {isa = PBXBuildFile; productRef = 329E59E02AC2F40400D0FBAF /* PowerAssert */; };
/* End PBXBuildFile section */

/* Begin PBXContainerItemProxy section */
		323132E22AC0D53B0088639E /* PBXContainerItemProxy */ = {
			isa = PBXContainerItemProxy;
			containerPortal = 323132C62AC0D53A0088639E /* Project object */;
			proxyType = 1;
			remoteGlobalIDString = 323132CD2AC0D53A0088639E;
			remoteInfo = SwiftTV;
		};
		323132EC2AC0D53B0088639E /* PBXContainerItemProxy */ = {
			isa = PBXContainerItemProxy;
			containerPortal = 323132C62AC0D53A0088639E /* Project object */;
			proxyType = 1;
			remoteGlobalIDString = 323132CD2AC0D53A0088639E;
			remoteInfo = SwiftTV;
		};
/* End PBXContainerItemProxy section */

/* Begin PBXFileReference section */
		323132CE2AC0D53A0088639E /* SwiftTV.app */ = {isa = PBXFileReference; explicitFileType = wrapper.application; includeInIndex = 0; path = SwiftTV.app; sourceTree = BUILT_PRODUCTS_DIR; };
		323132D12AC0D53A0088639E /* SwiftTVApp.swift */ = {isa = PBXFileReference; lastKnownFileType = sourcecode.swift; path = SwiftTVApp.swift; sourceTree = "<group>"; };
		323132D52AC0D53A0088639E /* Item.swift */ = {isa = PBXFileReference; lastKnownFileType = sourcecode.swift; path = Item.swift; sourceTree = "<group>"; };
		323132D72AC0D53B0088639E /* Assets.xcassets */ = {isa = PBXFileReference; lastKnownFileType = folder.assetcatalog; path = Assets.xcassets; sourceTree = "<group>"; };
		323132D92AC0D53B0088639E /* SwiftTV.entitlements */ = {isa = PBXFileReference; lastKnownFileType = text.plist.entitlements; path = SwiftTV.entitlements; sourceTree = "<group>"; };
		323132DB2AC0D53B0088639E /* Preview Assets.xcassets */ = {isa = PBXFileReference; lastKnownFileType = folder.assetcatalog; path = "Preview Assets.xcassets"; sourceTree = "<group>"; };
		323132E12AC0D53B0088639E /* SwiftTVTests.xctest */ = {isa = PBXFileReference; explicitFileType = wrapper.cfbundle; includeInIndex = 0; path = SwiftTVTests.xctest; sourceTree = BUILT_PRODUCTS_DIR; };
		323132E52AC0D53B0088639E /* SwiftTVTests.swift */ = {isa = PBXFileReference; lastKnownFileType = sourcecode.swift; path = SwiftTVTests.swift; sourceTree = "<group>"; };
		323132EB2AC0D53B0088639E /* SwiftTVUITests.xctest */ = {isa = PBXFileReference; explicitFileType = wrapper.cfbundle; includeInIndex = 0; path = SwiftTVUITests.xctest; sourceTree = BUILT_PRODUCTS_DIR; };
		323132EF2AC0D53B0088639E /* SwiftTVUITests.swift */ = {isa = PBXFileReference; lastKnownFileType = sourcecode.swift; path = SwiftTVUITests.swift; sourceTree = "<group>"; };
		323132F12AC0D53B0088639E /* SwiftTVUITestsLaunchTests.swift */ = {isa = PBXFileReference; lastKnownFileType = sourcecode.swift; path = SwiftTVUITestsLaunchTests.swift; sourceTree = "<group>"; };
		323133052AC0DB400088639E /* Data */ = {isa = PBXFileReference; lastKnownFileType = wrapper; path = Data; sourceTree = "<group>"; };
		323133062AC0DB6B0088639E /* Domain */ = {isa = PBXFileReference; lastKnownFileType = wrapper; path = Domain; sourceTree = "<group>"; };
		3231330F2AC0DCDB0088639E /* LoadingView.swift */ = {isa = PBXFileReference; fileEncoding = 4; lastKnownFileType = sourcecode.swift; path = LoadingView.swift; sourceTree = "<group>"; };
		323133142AC0DCDB0088639E /* RootView+State.swift */ = {isa = PBXFileReference; fileEncoding = 4; lastKnownFileType = sourcecode.swift; path = "RootView+State.swift"; sourceTree = "<group>"; };
		323133152AC0DCDB0088639E /* RootView.swift */ = {isa = PBXFileReference; fileEncoding = 4; lastKnownFileType = sourcecode.swift; path = RootView.swift; sourceTree = "<group>"; };
		323133162AC0DCDB0088639E /* RootView+Action.swift */ = {isa = PBXFileReference; fileEncoding = 4; lastKnownFileType = sourcecode.swift; path = "RootView+Action.swift"; sourceTree = "<group>"; };
		323133182AC0DCDB0088639E /* AppFeature.swift */ = {isa = PBXFileReference; fileEncoding = 4; lastKnownFileType = sourcecode.swift; path = AppFeature.swift; sourceTree = "<group>"; };
		323133192AC0DCDB0088639E /* AppFeature+Action.swift */ = {isa = PBXFileReference; fileEncoding = 4; lastKnownFileType = sourcecode.swift; path = "AppFeature+Action.swift"; sourceTree = "<group>"; };
		3231331A2AC0DCDB0088639E /* AppFeature+State.swift */ = {isa = PBXFileReference; fileEncoding = 4; lastKnownFileType = sourcecode.swift; path = "AppFeature+State.swift"; sourceTree = "<group>"; };
		3231331C2AC0DCDB0088639E /* TabBarView.swift */ = {isa = PBXFileReference; fileEncoding = 4; lastKnownFileType = sourcecode.swift; path = TabBarView.swift; sourceTree = "<group>"; };
		3231331D2AC0DCDB0088639E /* TabBarFeature.swift */ = {isa = PBXFileReference; fileEncoding = 4; lastKnownFileType = sourcecode.swift; path = TabBarFeature.swift; sourceTree = "<group>"; };
		3231331F2AC0DCDB0088639E /* DataDIContainer.swift */ = {isa = PBXFileReference; fileEncoding = 4; lastKnownFileType = sourcecode.swift; path = DataDIContainer.swift; sourceTree = "<group>"; };
		323133202AC0DCDB0088639E /* DomainDIContainer.swift */ = {isa = PBXFileReference; fileEncoding = 4; lastKnownFileType = sourcecode.swift; path = DomainDIContainer.swift; sourceTree = "<group>"; };
		329E59B62AC1033D00D0FBAF /* SeriesListView.swift */ = {isa = PBXFileReference; lastKnownFileType = sourcecode.swift; path = SeriesListView.swift; sourceTree = "<group>"; };
		329E59B92AC1035300D0FBAF /* SeriesListFeature.swift */ = {isa = PBXFileReference; lastKnownFileType = sourcecode.swift; path = SeriesListFeature.swift; sourceTree = "<group>"; };
		329E59BB2AC1041C00D0FBAF /* SeriesListView+State.swift */ = {isa = PBXFileReference; lastKnownFileType = sourcecode.swift; path = "SeriesListView+State.swift"; sourceTree = "<group>"; };
		329E59BD2AC1054A00D0FBAF /* TabBarViewBuilder.swift */ = {isa = PBXFileReference; lastKnownFileType = sourcecode.swift; path = TabBarViewBuilder.swift; sourceTree = "<group>"; };
		329E59C02AC17C4600D0FBAF /* SeriesListView+Action.swift */ = {isa = PBXFileReference; lastKnownFileType = sourcecode.swift; path = "SeriesListView+Action.swift"; sourceTree = "<group>"; };
		329E59C32AC17D6C00D0FBAF /* SerieCollection.swift */ = {isa = PBXFileReference; lastKnownFileType = sourcecode.swift; path = SerieCollection.swift; sourceTree = "<group>"; };
		329E59C72AC1878A00D0FBAF /* MediaThumbnailView.swift */ = {isa = PBXFileReference; lastKnownFileType = sourcecode.swift; path = MediaThumbnailView.swift; sourceTree = "<group>"; };
		329E59C92AC191A400D0FBAF /* NetworkImage.swift */ = {isa = PBXFileReference; lastKnownFileType = sourcecode.swift; path = NetworkImage.swift; sourceTree = "<group>"; };
		329E59D52AC194AD00D0FBAF /* MediaThumnailFeature.swift */ = {isa = PBXFileReference; lastKnownFileType = sourcecode.swift; path = MediaThumnailFeature.swift; sourceTree = "<group>"; };
		329E59D72AC195D900D0FBAF /* SerieSectionView.swift */ = {isa = PBXFileReference; lastKnownFileType = sourcecode.swift; path = SerieSectionView.swift; sourceTree = "<group>"; };
		329E59D92AC197B100D0FBAF /* SerieSectionFeature.swift */ = {isa = PBXFileReference; lastKnownFileType = sourcecode.swift; path = SerieSectionFeature.swift; sourceTree = "<group>"; };
		329E59DD2AC2CD5E00D0FBAF /* SeriesListFeatureTests.swift */ = {isa = PBXFileReference; lastKnownFileType = sourcecode.swift; path = SeriesListFeatureTests.swift; sourceTree = "<group>"; };
/* End PBXFileReference section */

/* Begin PBXFrameworksBuildPhase section */
		323132CB2AC0D53A0088639E /* Frameworks */ = {
			isa = PBXFrameworksBuildPhase;
			buildActionMask = 2147483647;
			files = (
				323133032AC0DAAF0088639E /* SFSymbolEnum in Frameworks */,
				326BB34E2AC37741006444AE /* MLDFeatures in Frameworks */,
				323133002AC0DAA10088639E /* ComposableArchitecture in Frameworks */,
				3231330B2AC0DB7E0088639E /* Domain in Frameworks */,
				329E59C62AC17FB400D0FBAF /* MLDCore in Frameworks */,
				323133092AC0DB7A0088639E /* Data in Frameworks */,
			);
			runOnlyForDeploymentPostprocessing = 0;
		};
		323132DE2AC0D53B0088639E /* Frameworks */ = {
			isa = PBXFrameworksBuildPhase;
			buildActionMask = 2147483647;
			files = (
				329E59E12AC2F40400D0FBAF /* PowerAssert in Frameworks */,
			);
			runOnlyForDeploymentPostprocessing = 0;
		};
		323132E82AC0D53B0088639E /* Frameworks */ = {
			isa = PBXFrameworksBuildPhase;
			buildActionMask = 2147483647;
			files = (
			);
			runOnlyForDeploymentPostprocessing = 0;
		};
/* End PBXFrameworksBuildPhase section */

/* Begin PBXGroup section */
		323132C52AC0D53A0088639E = {
			isa = PBXGroup;
			children = (
				323133062AC0DB6B0088639E /* Domain */,
				323133052AC0DB400088639E /* Data */,
				323132D02AC0D53A0088639E /* SwiftTV */,
				323132E42AC0D53B0088639E /* SwiftTVTests */,
				323132EE2AC0D53B0088639E /* SwiftTVUITests */,
				323132CF2AC0D53A0088639E /* Products */,
				323133072AC0DB7A0088639E /* Frameworks */,
			);
			sourceTree = "<group>";
		};
		323132CF2AC0D53A0088639E /* Products */ = {
			isa = PBXGroup;
			children = (
				323132CE2AC0D53A0088639E /* SwiftTV.app */,
				323132E12AC0D53B0088639E /* SwiftTVTests.xctest */,
				323132EB2AC0D53B0088639E /* SwiftTVUITests.xctest */,
			);
			name = Products;
			sourceTree = "<group>";
		};
		323132D02AC0D53A0088639E /* SwiftTV */ = {
			isa = PBXGroup;
			children = (
				3231330C2AC0DCDB0088639E /* App */,
				323132D52AC0D53A0088639E /* Item.swift */,
				323132D72AC0D53B0088639E /* Assets.xcassets */,
				323132D92AC0D53B0088639E /* SwiftTV.entitlements */,
				323132DA2AC0D53B0088639E /* Preview Content */,
			);
			path = SwiftTV;
			sourceTree = "<group>";
		};
		323132DA2AC0D53B0088639E /* Preview Content */ = {
			isa = PBXGroup;
			children = (
				323132DB2AC0D53B0088639E /* Preview Assets.xcassets */,
			);
			path = "Preview Content";
			sourceTree = "<group>";
		};
		323132E42AC0D53B0088639E /* SwiftTVTests */ = {
			isa = PBXGroup;
			children = (
				329E59DC2AC2CD4A00D0FBAF /* Features */,
				323132E52AC0D53B0088639E /* SwiftTVTests.swift */,
			);
			path = SwiftTVTests;
			sourceTree = "<group>";
		};
		323132EE2AC0D53B0088639E /* SwiftTVUITests */ = {
			isa = PBXGroup;
			children = (
				323132EF2AC0D53B0088639E /* SwiftTVUITests.swift */,
				323132F12AC0D53B0088639E /* SwiftTVUITestsLaunchTests.swift */,
			);
			path = SwiftTVUITests;
			sourceTree = "<group>";
		};
		323133072AC0DB7A0088639E /* Frameworks */ = {
			isa = PBXGroup;
			children = (
			);
			name = Frameworks;
			sourceTree = "<group>";
		};
		3231330C2AC0DCDB0088639E /* App */ = {
			isa = PBXGroup;
			children = (
				323132D12AC0D53A0088639E /* SwiftTVApp.swift */,
				3231330D2AC0DCDB0088639E /* UI */,
				323133112AC0DCDB0088639E /* Features */,
				3231331E2AC0DCDB0088639E /* Containers */,
			);
			path = App;
			sourceTree = "<group>";
		};
		3231330D2AC0DCDB0088639E /* UI */ = {
			isa = PBXGroup;
			children = (
				3231330E2AC0DCDB0088639E /* Atoms */,
			);
			path = UI;
			sourceTree = "<group>";
		};
		3231330E2AC0DCDB0088639E /* Atoms */ = {
			isa = PBXGroup;
			children = (
				3231330F2AC0DCDB0088639E /* LoadingView.swift */,
				329E59C92AC191A400D0FBAF /* NetworkImage.swift */,
			);
			path = Atoms;
			sourceTree = "<group>";
		};
		323133112AC0DCDB0088639E /* Features */ = {
			isa = PBXGroup;
			children = (
				329E59B52AC1032F00D0FBAF /* SeriesList */,
				323133122AC0DCDB0088639E /* App */,
				3231331B2AC0DCDB0088639E /* TabBar */,
			);
			path = Features;
			sourceTree = "<group>";
		};
		323133122AC0DCDB0088639E /* App */ = {
			isa = PBXGroup;
			children = (
				323133132AC0DCDB0088639E /* View */,
				323133172AC0DCDB0088639E /* Feature */,
			);
			path = App;
			sourceTree = "<group>";
		};
		323133132AC0DCDB0088639E /* View */ = {
			isa = PBXGroup;
			children = (
				323133142AC0DCDB0088639E /* RootView+State.swift */,
				323133152AC0DCDB0088639E /* RootView.swift */,
				323133162AC0DCDB0088639E /* RootView+Action.swift */,
			);
			path = View;
			sourceTree = "<group>";
		};
		323133172AC0DCDB0088639E /* Feature */ = {
			isa = PBXGroup;
			children = (
				323133182AC0DCDB0088639E /* AppFeature.swift */,
				323133192AC0DCDB0088639E /* AppFeature+Action.swift */,
				3231331A2AC0DCDB0088639E /* AppFeature+State.swift */,
			);
			path = Feature;
			sourceTree = "<group>";
		};
		3231331B2AC0DCDB0088639E /* TabBar */ = {
			isa = PBXGroup;
			children = (
				3231331C2AC0DCDB0088639E /* TabBarView.swift */,
				3231331D2AC0DCDB0088639E /* TabBarFeature.swift */,
				329E59BD2AC1054A00D0FBAF /* TabBarViewBuilder.swift */,
			);
			path = TabBar;
			sourceTree = "<group>";
		};
		3231331E2AC0DCDB0088639E /* Containers */ = {
			isa = PBXGroup;
			children = (
				3231331F2AC0DCDB0088639E /* DataDIContainer.swift */,
				323133202AC0DCDB0088639E /* DomainDIContainer.swift */,
			);
			path = Containers;
			sourceTree = "<group>";
		};
		329E59B52AC1032F00D0FBAF /* SeriesList */ = {
			isa = PBXGroup;
			children = (
				329E59C22AC17D5D00D0FBAF /* Models */,
				329E59BF2AC17C1F00D0FBAF /* View */,
			);
			path = SeriesList;
			sourceTree = "<group>";
		};
		329E59BF2AC17C1F00D0FBAF /* View */ = {
			isa = PBXGroup;
			children = (
				329E59CE2AC1943D00D0FBAF /* Thumbnail */,
				329E59CD2AC1943900D0FBAF /* Section */,
				329E59CC2AC1943400D0FBAF /* List */,
			);
			path = View;
			sourceTree = "<group>";
		};
		329E59C22AC17D5D00D0FBAF /* Models */ = {
			isa = PBXGroup;
			children = (
				329E59C32AC17D6C00D0FBAF /* SerieCollection.swift */,
			);
			path = Models;
			sourceTree = "<group>";
		};
		329E59CC2AC1943400D0FBAF /* List */ = {
			isa = PBXGroup;
			children = (
				329E59D02AC1944A00D0FBAF /* Feature */,
				329E59CF2AC1944500D0FBAF /* View */,
			);
			path = List;
			sourceTree = "<group>";
		};
		329E59CD2AC1943900D0FBAF /* Section */ = {
			isa = PBXGroup;
			children = (
				329E59D42AC1946400D0FBAF /* Feature */,
				329E59D32AC1946000D0FBAF /* View */,
			);
			path = Section;
			sourceTree = "<group>";
		};
		329E59CE2AC1943D00D0FBAF /* Thumbnail */ = {
			isa = PBXGroup;
			children = (
				329E59D22AC1945B00D0FBAF /* Feature */,
				329E59D12AC1945800D0FBAF /* View */,
			);
			path = Thumbnail;
			sourceTree = "<group>";
		};
		329E59CF2AC1944500D0FBAF /* View */ = {
			isa = PBXGroup;
			children = (
				329E59C02AC17C4600D0FBAF /* SeriesListView+Action.swift */,
				329E59BB2AC1041C00D0FBAF /* SeriesListView+State.swift */,
				329E59B62AC1033D00D0FBAF /* SeriesListView.swift */,
			);
			path = View;
			sourceTree = "<group>";
		};
		329E59D02AC1944A00D0FBAF /* Feature */ = {
			isa = PBXGroup;
			children = (
				329E59B92AC1035300D0FBAF /* SeriesListFeature.swift */,
			);
			path = Feature;
			sourceTree = "<group>";
		};
		329E59D12AC1945800D0FBAF /* View */ = {
			isa = PBXGroup;
			children = (
				329E59C72AC1878A00D0FBAF /* MediaThumbnailView.swift */,
			);
			path = View;
			sourceTree = "<group>";
		};
		329E59D22AC1945B00D0FBAF /* Feature */ = {
			isa = PBXGroup;
			children = (
				329E59D52AC194AD00D0FBAF /* MediaThumnailFeature.swift */,
			);
			path = Feature;
			sourceTree = "<group>";
		};
		329E59D32AC1946000D0FBAF /* View */ = {
			isa = PBXGroup;
			children = (
				329E59D72AC195D900D0FBAF /* SerieSectionView.swift */,
			);
			path = View;
			sourceTree = "<group>";
		};
		329E59D42AC1946400D0FBAF /* Feature */ = {
			isa = PBXGroup;
			children = (
				329E59D92AC197B100D0FBAF /* SerieSectionFeature.swift */,
			);
			path = Feature;
			sourceTree = "<group>";
		};
		329E59DC2AC2CD4A00D0FBAF /* Features */ = {
			isa = PBXGroup;
			children = (
				329E59DD2AC2CD5E00D0FBAF /* SeriesListFeatureTests.swift */,
			);
			path = Features;
			sourceTree = "<group>";
		};
/* End PBXGroup section */

/* Begin PBXNativeTarget section */
		323132CD2AC0D53A0088639E /* SwiftTV */ = {
			isa = PBXNativeTarget;
			buildConfigurationList = 323132F52AC0D53B0088639E /* Build configuration list for PBXNativeTarget "SwiftTV" */;
			buildPhases = (
				323132CA2AC0D53A0088639E /* Sources */,
				323132CB2AC0D53A0088639E /* Frameworks */,
				323132CC2AC0D53A0088639E /* Resources */,
			);
			buildRules = (
			);
			dependencies = (
			);
			name = SwiftTV;
			packageProductDependencies = (
				323132FF2AC0DAA10088639E /* ComposableArchitecture */,
				323133022AC0DAAF0088639E /* SFSymbolEnum */,
				323133082AC0DB7A0088639E /* Data */,
				3231330A2AC0DB7E0088639E /* Domain */,
				329E59C52AC17FB400D0FBAF /* MLDCore */,
				326BB34D2AC37741006444AE /* MLDFeatures */,
			);
			productName = SwiftTV;
			productReference = 323132CE2AC0D53A0088639E /* SwiftTV.app */;
			productType = "com.apple.product-type.application";
		};
		323132E02AC0D53B0088639E /* SwiftTVTests */ = {
			isa = PBXNativeTarget;
			buildConfigurationList = 323132F82AC0D53B0088639E /* Build configuration list for PBXNativeTarget "SwiftTVTests" */;
			buildPhases = (
				323132DD2AC0D53B0088639E /* Sources */,
				323132DE2AC0D53B0088639E /* Frameworks */,
				323132DF2AC0D53B0088639E /* Resources */,
			);
			buildRules = (
			);
			dependencies = (
				323132E32AC0D53B0088639E /* PBXTargetDependency */,
			);
			name = SwiftTVTests;
			packageProductDependencies = (
				329E59E02AC2F40400D0FBAF /* PowerAssert */,
			);
			productName = SwiftTVTests;
			productReference = 323132E12AC0D53B0088639E /* SwiftTVTests.xctest */;
			productType = "com.apple.product-type.bundle.unit-test";
		};
		323132EA2AC0D53B0088639E /* SwiftTVUITests */ = {
			isa = PBXNativeTarget;
			buildConfigurationList = 323132FB2AC0D53B0088639E /* Build configuration list for PBXNativeTarget "SwiftTVUITests" */;
			buildPhases = (
				323132E72AC0D53B0088639E /* Sources */,
				323132E82AC0D53B0088639E /* Frameworks */,
				323132E92AC0D53B0088639E /* Resources */,
			);
			buildRules = (
			);
			dependencies = (
				323132ED2AC0D53B0088639E /* PBXTargetDependency */,
			);
			name = SwiftTVUITests;
			productName = SwiftTVUITests;
			productReference = 323132EB2AC0D53B0088639E /* SwiftTVUITests.xctest */;
			productType = "com.apple.product-type.bundle.ui-testing";
		};
/* End PBXNativeTarget section */

/* Begin PBXProject section */
		323132C62AC0D53A0088639E /* Project object */ = {
			isa = PBXProject;
			attributes = {
				BuildIndependentTargetsInParallel = 1;
				LastSwiftUpdateCheck = 1500;
				LastUpgradeCheck = 1500;
				TargetAttributes = {
					323132CD2AC0D53A0088639E = {
						CreatedOnToolsVersion = 15.0;
					};
					323132E02AC0D53B0088639E = {
						CreatedOnToolsVersion = 15.0;
						TestTargetID = 323132CD2AC0D53A0088639E;
					};
					323132EA2AC0D53B0088639E = {
						CreatedOnToolsVersion = 15.0;
						TestTargetID = 323132CD2AC0D53A0088639E;
					};
				};
			};
			buildConfigurationList = 323132C92AC0D53A0088639E /* Build configuration list for PBXProject "SwiftTV" */;
			compatibilityVersion = "Xcode 14.0";
			developmentRegion = en;
			hasScannedForEncodings = 0;
			knownRegions = (
				en,
				Base,
			);
			mainGroup = 323132C52AC0D53A0088639E;
			packageReferences = (
				323132FE2AC0DAA10088639E /* XCRemoteSwiftPackageReference "swift-composable-architecture" */,
				323133012AC0DAAF0088639E /* XCRemoteSwiftPackageReference "SFSymbolEnum" */,
				3231332D2AC0E0FA0088639E /* XCLocalSwiftPackageReference "../MLDCore/MLDCore" */,
				329E59DF2AC2F40400D0FBAF /* XCRemoteSwiftPackageReference "swift-power-assert" */,
				326BB34C2AC37741006444AE /* XCLocalSwiftPackageReference "../MLDFeatures" */,
			);
			productRefGroup = 323132CF2AC0D53A0088639E /* Products */;
			projectDirPath = "";
			projectRoot = "";
			targets = (
				323132CD2AC0D53A0088639E /* SwiftTV */,
				323132E02AC0D53B0088639E /* SwiftTVTests */,
				323132EA2AC0D53B0088639E /* SwiftTVUITests */,
			);
		};
/* End PBXProject section */

/* Begin PBXResourcesBuildPhase section */
		323132CC2AC0D53A0088639E /* Resources */ = {
			isa = PBXResourcesBuildPhase;
			buildActionMask = 2147483647;
			files = (
				323132DC2AC0D53B0088639E /* Preview Assets.xcassets in Resources */,
				323132D82AC0D53B0088639E /* Assets.xcassets in Resources */,
			);
			runOnlyForDeploymentPostprocessing = 0;
		};
		323132DF2AC0D53B0088639E /* Resources */ = {
			isa = PBXResourcesBuildPhase;
			buildActionMask = 2147483647;
			files = (
			);
			runOnlyForDeploymentPostprocessing = 0;
		};
		323132E92AC0D53B0088639E /* Resources */ = {
			isa = PBXResourcesBuildPhase;
			buildActionMask = 2147483647;
			files = (
			);
			runOnlyForDeploymentPostprocessing = 0;
		};
/* End PBXResourcesBuildPhase section */

/* Begin PBXSourcesBuildPhase section */
		323132CA2AC0D53A0088639E /* Sources */ = {
			isa = PBXSourcesBuildPhase;
			buildActionMask = 2147483647;
			files = (
				329E59BC2AC1041C00D0FBAF /* SeriesListView+State.swift in Sources */,
				329E59BA2AC1035300D0FBAF /* SeriesListFeature.swift in Sources */,
				329E59BE2AC1054A00D0FBAF /* TabBarViewBuilder.swift in Sources */,
				323133262AC0DCDB0088639E /* AppFeature.swift in Sources */,
				323133252AC0DCDB0088639E /* RootView+Action.swift in Sources */,
				323133232AC0DCDB0088639E /* RootView+State.swift in Sources */,
				323133212AC0DCDB0088639E /* LoadingView.swift in Sources */,
				329E59C12AC17C4600D0FBAF /* SeriesListView+Action.swift in Sources */,
				323133272AC0DCDB0088639E /* AppFeature+Action.swift in Sources */,
				329E59D82AC195D900D0FBAF /* SerieSectionView.swift in Sources */,
				323133242AC0DCDB0088639E /* RootView.swift in Sources */,
				3231332C2AC0DCDB0088639E /* DomainDIContainer.swift in Sources */,
				323132D62AC0D53A0088639E /* Item.swift in Sources */,
				329E59C42AC17D6C00D0FBAF /* SerieCollection.swift in Sources */,
				329E59CA2AC191A400D0FBAF /* NetworkImage.swift in Sources */,
				323133282AC0DCDB0088639E /* AppFeature+State.swift in Sources */,
				3231332B2AC0DCDB0088639E /* DataDIContainer.swift in Sources */,
				323133292AC0DCDB0088639E /* TabBarView.swift in Sources */,
				329E59B72AC1033D00D0FBAF /* SeriesListView.swift in Sources */,
				3231332A2AC0DCDB0088639E /* TabBarFeature.swift in Sources */,
				329E59D62AC194AD00D0FBAF /* MediaThumnailFeature.swift in Sources */,
				329E59DA2AC197B100D0FBAF /* SerieSectionFeature.swift in Sources */,
				329E59C82AC1878A00D0FBAF /* MediaThumbnailView.swift in Sources */,
				323132D22AC0D53A0088639E /* SwiftTVApp.swift in Sources */,
			);
			runOnlyForDeploymentPostprocessing = 0;
		};
		323132DD2AC0D53B0088639E /* Sources */ = {
			isa = PBXSourcesBuildPhase;
			buildActionMask = 2147483647;
			files = (
				323132E62AC0D53B0088639E /* SwiftTVTests.swift in Sources */,
				329E59DE2AC2CD5E00D0FBAF /* SeriesListFeatureTests.swift in Sources */,
			);
			runOnlyForDeploymentPostprocessing = 0;
		};
		323132E72AC0D53B0088639E /* Sources */ = {
			isa = PBXSourcesBuildPhase;
			buildActionMask = 2147483647;
			files = (
				323132F22AC0D53B0088639E /* SwiftTVUITestsLaunchTests.swift in Sources */,
				323132F02AC0D53B0088639E /* SwiftTVUITests.swift in Sources */,
			);
			runOnlyForDeploymentPostprocessing = 0;
		};
/* End PBXSourcesBuildPhase section */

/* Begin PBXTargetDependency section */
		323132E32AC0D53B0088639E /* PBXTargetDependency */ = {
			isa = PBXTargetDependency;
			target = 323132CD2AC0D53A0088639E /* SwiftTV */;
			targetProxy = 323132E22AC0D53B0088639E /* PBXContainerItemProxy */;
		};
		323132ED2AC0D53B0088639E /* PBXTargetDependency */ = {
			isa = PBXTargetDependency;
			target = 323132CD2AC0D53A0088639E /* SwiftTV */;
			targetProxy = 323132EC2AC0D53B0088639E /* PBXContainerItemProxy */;
		};
/* End PBXTargetDependency section */

/* Begin XCBuildConfiguration section */
		323132F32AC0D53B0088639E /* Debug */ = {
			isa = XCBuildConfiguration;
			buildSettings = {
				ALWAYS_SEARCH_USER_PATHS = NO;
				ASSETCATALOG_COMPILER_GENERATE_SWIFT_ASSET_SYMBOL_EXTENSIONS = YES;
				CLANG_ANALYZER_NONNULL = YES;
				CLANG_ANALYZER_NUMBER_OBJECT_CONVERSION = YES_AGGRESSIVE;
				CLANG_CXX_LANGUAGE_STANDARD = "gnu++20";
				CLANG_ENABLE_MODULES = YES;
				CLANG_ENABLE_OBJC_ARC = YES;
				CLANG_ENABLE_OBJC_WEAK = YES;
				CLANG_WARN_BLOCK_CAPTURE_AUTORELEASING = YES;
				CLANG_WARN_BOOL_CONVERSION = YES;
				CLANG_WARN_COMMA = YES;
				CLANG_WARN_CONSTANT_CONVERSION = YES;
				CLANG_WARN_DEPRECATED_OBJC_IMPLEMENTATIONS = YES;
				CLANG_WARN_DIRECT_OBJC_ISA_USAGE = YES_ERROR;
				CLANG_WARN_DOCUMENTATION_COMMENTS = YES;
				CLANG_WARN_EMPTY_BODY = YES;
				CLANG_WARN_ENUM_CONVERSION = YES;
				CLANG_WARN_INFINITE_RECURSION = YES;
				CLANG_WARN_INT_CONVERSION = YES;
				CLANG_WARN_NON_LITERAL_NULL_CONVERSION = YES;
				CLANG_WARN_OBJC_IMPLICIT_RETAIN_SELF = YES;
				CLANG_WARN_OBJC_LITERAL_CONVERSION = YES;
				CLANG_WARN_OBJC_ROOT_CLASS = YES_ERROR;
				CLANG_WARN_QUOTED_INCLUDE_IN_FRAMEWORK_HEADER = YES;
				CLANG_WARN_RANGE_LOOP_ANALYSIS = YES;
				CLANG_WARN_STRICT_PROTOTYPES = YES;
				CLANG_WARN_SUSPICIOUS_MOVE = YES;
				CLANG_WARN_UNGUARDED_AVAILABILITY = YES_AGGRESSIVE;
				CLANG_WARN_UNREACHABLE_CODE = YES;
				CLANG_WARN__DUPLICATE_METHOD_MATCH = YES;
				COPY_PHASE_STRIP = NO;
				DEBUG_INFORMATION_FORMAT = dwarf;
				ENABLE_STRICT_OBJC_MSGSEND = YES;
				ENABLE_TESTABILITY = YES;
				ENABLE_USER_SCRIPT_SANDBOXING = YES;
				GCC_C_LANGUAGE_STANDARD = gnu17;
				GCC_DYNAMIC_NO_PIC = NO;
				GCC_NO_COMMON_BLOCKS = YES;
				GCC_OPTIMIZATION_LEVEL = 0;
				GCC_PREPROCESSOR_DEFINITIONS = (
					"DEBUG=1",
					"$(inherited)",
				);
				GCC_WARN_64_TO_32_BIT_CONVERSION = YES;
				GCC_WARN_ABOUT_RETURN_TYPE = YES_ERROR;
				GCC_WARN_UNDECLARED_SELECTOR = YES;
				GCC_WARN_UNINITIALIZED_AUTOS = YES_AGGRESSIVE;
				GCC_WARN_UNUSED_FUNCTION = YES;
				GCC_WARN_UNUSED_VARIABLE = YES;
				LOCALIZATION_PREFERS_STRING_CATALOGS = YES;
				MTL_ENABLE_DEBUG_INFO = INCLUDE_SOURCE;
				MTL_FAST_MATH = YES;
				ONLY_ACTIVE_ARCH = YES;
				SWIFT_ACTIVE_COMPILATION_CONDITIONS = "DEBUG $(inherited)";
				SWIFT_OPTIMIZATION_LEVEL = "-Onone";
			};
			name = Debug;
		};
		323132F42AC0D53B0088639E /* Release */ = {
			isa = XCBuildConfiguration;
			buildSettings = {
				ALWAYS_SEARCH_USER_PATHS = NO;
				ASSETCATALOG_COMPILER_GENERATE_SWIFT_ASSET_SYMBOL_EXTENSIONS = YES;
				CLANG_ANALYZER_NONNULL = YES;
				CLANG_ANALYZER_NUMBER_OBJECT_CONVERSION = YES_AGGRESSIVE;
				CLANG_CXX_LANGUAGE_STANDARD = "gnu++20";
				CLANG_ENABLE_MODULES = YES;
				CLANG_ENABLE_OBJC_ARC = YES;
				CLANG_ENABLE_OBJC_WEAK = YES;
				CLANG_WARN_BLOCK_CAPTURE_AUTORELEASING = YES;
				CLANG_WARN_BOOL_CONVERSION = YES;
				CLANG_WARN_COMMA = YES;
				CLANG_WARN_CONSTANT_CONVERSION = YES;
				CLANG_WARN_DEPRECATED_OBJC_IMPLEMENTATIONS = YES;
				CLANG_WARN_DIRECT_OBJC_ISA_USAGE = YES_ERROR;
				CLANG_WARN_DOCUMENTATION_COMMENTS = YES;
				CLANG_WARN_EMPTY_BODY = YES;
				CLANG_WARN_ENUM_CONVERSION = YES;
				CLANG_WARN_INFINITE_RECURSION = YES;
				CLANG_WARN_INT_CONVERSION = YES;
				CLANG_WARN_NON_LITERAL_NULL_CONVERSION = YES;
				CLANG_WARN_OBJC_IMPLICIT_RETAIN_SELF = YES;
				CLANG_WARN_OBJC_LITERAL_CONVERSION = YES;
				CLANG_WARN_OBJC_ROOT_CLASS = YES_ERROR;
				CLANG_WARN_QUOTED_INCLUDE_IN_FRAMEWORK_HEADER = YES;
				CLANG_WARN_RANGE_LOOP_ANALYSIS = YES;
				CLANG_WARN_STRICT_PROTOTYPES = YES;
				CLANG_WARN_SUSPICIOUS_MOVE = YES;
				CLANG_WARN_UNGUARDED_AVAILABILITY = YES_AGGRESSIVE;
				CLANG_WARN_UNREACHABLE_CODE = YES;
				CLANG_WARN__DUPLICATE_METHOD_MATCH = YES;
				COPY_PHASE_STRIP = NO;
				DEBUG_INFORMATION_FORMAT = "dwarf-with-dsym";
				ENABLE_NS_ASSERTIONS = NO;
				ENABLE_STRICT_OBJC_MSGSEND = YES;
				ENABLE_USER_SCRIPT_SANDBOXING = YES;
				GCC_C_LANGUAGE_STANDARD = gnu17;
				GCC_NO_COMMON_BLOCKS = YES;
				GCC_WARN_64_TO_32_BIT_CONVERSION = YES;
				GCC_WARN_ABOUT_RETURN_TYPE = YES_ERROR;
				GCC_WARN_UNDECLARED_SELECTOR = YES;
				GCC_WARN_UNINITIALIZED_AUTOS = YES_AGGRESSIVE;
				GCC_WARN_UNUSED_FUNCTION = YES;
				GCC_WARN_UNUSED_VARIABLE = YES;
				LOCALIZATION_PREFERS_STRING_CATALOGS = YES;
				MTL_ENABLE_DEBUG_INFO = NO;
				MTL_FAST_MATH = YES;
				SWIFT_COMPILATION_MODE = wholemodule;
			};
			name = Release;
		};
		323132F62AC0D53B0088639E /* Debug */ = {
			isa = XCBuildConfiguration;
			buildSettings = {
				ASSETCATALOG_COMPILER_APPICON_NAME = AppIcon;
				ASSETCATALOG_COMPILER_GLOBAL_ACCENT_COLOR_NAME = AccentColor;
				CODE_SIGN_ENTITLEMENTS = SwiftTV/SwiftTV.entitlements;
				CODE_SIGN_STYLE = Automatic;
				CURRENT_PROJECT_VERSION = 1;
				DEVELOPMENT_ASSET_PATHS = "\"SwiftTV/Preview Content\"";
				DEVELOPMENT_TEAM = 893B7F9TL7;
				ENABLE_HARDENED_RUNTIME = YES;
				ENABLE_PREVIEWS = YES;
				GENERATE_INFOPLIST_FILE = YES;
				"INFOPLIST_KEY_UIApplicationSceneManifest_Generation[sdk=iphoneos*]" = YES;
				"INFOPLIST_KEY_UIApplicationSceneManifest_Generation[sdk=iphonesimulator*]" = YES;
				"INFOPLIST_KEY_UIApplicationSupportsIndirectInputEvents[sdk=iphoneos*]" = YES;
				"INFOPLIST_KEY_UIApplicationSupportsIndirectInputEvents[sdk=iphonesimulator*]" = YES;
				"INFOPLIST_KEY_UILaunchScreen_Generation[sdk=iphoneos*]" = YES;
				"INFOPLIST_KEY_UILaunchScreen_Generation[sdk=iphonesimulator*]" = YES;
				"INFOPLIST_KEY_UIStatusBarStyle[sdk=iphoneos*]" = UIStatusBarStyleDefault;
				"INFOPLIST_KEY_UIStatusBarStyle[sdk=iphonesimulator*]" = UIStatusBarStyleDefault;
				INFOPLIST_KEY_UISupportedInterfaceOrientations_iPad = "UIInterfaceOrientationPortrait UIInterfaceOrientationPortraitUpsideDown UIInterfaceOrientationLandscapeLeft UIInterfaceOrientationLandscapeRight";
				INFOPLIST_KEY_UISupportedInterfaceOrientations_iPhone = "UIInterfaceOrientationPortrait UIInterfaceOrientationLandscapeLeft UIInterfaceOrientationLandscapeRight";
				IPHONEOS_DEPLOYMENT_TARGET = 17.0;
				LD_RUNPATH_SEARCH_PATHS = "@executable_path/Frameworks";
				"LD_RUNPATH_SEARCH_PATHS[sdk=macosx*]" = "@executable_path/../Frameworks";
				MACOSX_DEPLOYMENT_TARGET = 14.0;
				MARKETING_VERSION = 1.0;
				PRODUCT_BUNDLE_IDENTIFIER = com.emelagudev.SwiftTV;
				PRODUCT_NAME = "$(TARGET_NAME)";
				SDKROOT = auto;
				SUPPORTED_PLATFORMS = "iphoneos iphonesimulator macosx";
				SWIFT_EMIT_LOC_STRINGS = YES;
				SWIFT_VERSION = 5.0;
				TARGETED_DEVICE_FAMILY = "1,2";
			};
			name = Debug;
		};
		323132F72AC0D53B0088639E /* Release */ = {
			isa = XCBuildConfiguration;
			buildSettings = {
				ASSETCATALOG_COMPILER_APPICON_NAME = AppIcon;
				ASSETCATALOG_COMPILER_GLOBAL_ACCENT_COLOR_NAME = AccentColor;
				CODE_SIGN_ENTITLEMENTS = SwiftTV/SwiftTV.entitlements;
				CODE_SIGN_STYLE = Automatic;
				CURRENT_PROJECT_VERSION = 1;
				DEVELOPMENT_ASSET_PATHS = "\"SwiftTV/Preview Content\"";
				DEVELOPMENT_TEAM = 893B7F9TL7;
				ENABLE_HARDENED_RUNTIME = YES;
				ENABLE_PREVIEWS = YES;
				GENERATE_INFOPLIST_FILE = YES;
				"INFOPLIST_KEY_UIApplicationSceneManifest_Generation[sdk=iphoneos*]" = YES;
				"INFOPLIST_KEY_UIApplicationSceneManifest_Generation[sdk=iphonesimulator*]" = YES;
				"INFOPLIST_KEY_UIApplicationSupportsIndirectInputEvents[sdk=iphoneos*]" = YES;
				"INFOPLIST_KEY_UIApplicationSupportsIndirectInputEvents[sdk=iphonesimulator*]" = YES;
				"INFOPLIST_KEY_UILaunchScreen_Generation[sdk=iphoneos*]" = YES;
				"INFOPLIST_KEY_UILaunchScreen_Generation[sdk=iphonesimulator*]" = YES;
				"INFOPLIST_KEY_UIStatusBarStyle[sdk=iphoneos*]" = UIStatusBarStyleDefault;
				"INFOPLIST_KEY_UIStatusBarStyle[sdk=iphonesimulator*]" = UIStatusBarStyleDefault;
				INFOPLIST_KEY_UISupportedInterfaceOrientations_iPad = "UIInterfaceOrientationPortrait UIInterfaceOrientationPortraitUpsideDown UIInterfaceOrientationLandscapeLeft UIInterfaceOrientationLandscapeRight";
				INFOPLIST_KEY_UISupportedInterfaceOrientations_iPhone = "UIInterfaceOrientationPortrait UIInterfaceOrientationLandscapeLeft UIInterfaceOrientationLandscapeRight";
				IPHONEOS_DEPLOYMENT_TARGET = 17.0;
				LD_RUNPATH_SEARCH_PATHS = "@executable_path/Frameworks";
				"LD_RUNPATH_SEARCH_PATHS[sdk=macosx*]" = "@executable_path/../Frameworks";
				MACOSX_DEPLOYMENT_TARGET = 14.0;
				MARKETING_VERSION = 1.0;
				PRODUCT_BUNDLE_IDENTIFIER = com.emelagudev.SwiftTV;
				PRODUCT_NAME = "$(TARGET_NAME)";
				SDKROOT = auto;
				SUPPORTED_PLATFORMS = "iphoneos iphonesimulator macosx";
				SWIFT_EMIT_LOC_STRINGS = YES;
				SWIFT_VERSION = 5.0;
				TARGETED_DEVICE_FAMILY = "1,2";
			};
			name = Release;
		};
		323132F92AC0D53B0088639E /* Debug */ = {
			isa = XCBuildConfiguration;
			buildSettings = {
				ALWAYS_EMBED_SWIFT_STANDARD_LIBRARIES = YES;
				BUNDLE_LOADER = "$(TEST_HOST)";
				CODE_SIGN_STYLE = Automatic;
				CURRENT_PROJECT_VERSION = 1;
				DEVELOPMENT_TEAM = 893B7F9TL7;
				GENERATE_INFOPLIST_FILE = YES;
				IPHONEOS_DEPLOYMENT_TARGET = 17.0;
				MACOSX_DEPLOYMENT_TARGET = 13.5;
				MARKETING_VERSION = 1.0;
				PRODUCT_BUNDLE_IDENTIFIER = com.emelagudev.SwiftTVTests;
				PRODUCT_NAME = "$(TARGET_NAME)";
				SDKROOT = auto;
				SUPPORTED_PLATFORMS = "iphoneos iphonesimulator macosx";
				SWIFT_EMIT_LOC_STRINGS = NO;
				SWIFT_VERSION = 5.0;
				TARGETED_DEVICE_FAMILY = "1,2";
				TEST_HOST = "$(BUILT_PRODUCTS_DIR)/SwiftTV.app/$(BUNDLE_EXECUTABLE_FOLDER_PATH)/SwiftTV";
			};
			name = Debug;
		};
		323132FA2AC0D53B0088639E /* Release */ = {
			isa = XCBuildConfiguration;
			buildSettings = {
				ALWAYS_EMBED_SWIFT_STANDARD_LIBRARIES = YES;
				BUNDLE_LOADER = "$(TEST_HOST)";
				CODE_SIGN_STYLE = Automatic;
				CURRENT_PROJECT_VERSION = 1;
				DEVELOPMENT_TEAM = 893B7F9TL7;
				GENERATE_INFOPLIST_FILE = YES;
				IPHONEOS_DEPLOYMENT_TARGET = 17.0;
				MACOSX_DEPLOYMENT_TARGET = 13.5;
				MARKETING_VERSION = 1.0;
				PRODUCT_BUNDLE_IDENTIFIER = com.emelagudev.SwiftTVTests;
				PRODUCT_NAME = "$(TARGET_NAME)";
				SDKROOT = auto;
				SUPPORTED_PLATFORMS = "iphoneos iphonesimulator macosx";
				SWIFT_EMIT_LOC_STRINGS = NO;
				SWIFT_VERSION = 5.0;
				TARGETED_DEVICE_FAMILY = "1,2";
				TEST_HOST = "$(BUILT_PRODUCTS_DIR)/SwiftTV.app/$(BUNDLE_EXECUTABLE_FOLDER_PATH)/SwiftTV";
			};
			name = Release;
		};
		323132FC2AC0D53B0088639E /* Debug */ = {
			isa = XCBuildConfiguration;
			buildSettings = {
				ALWAYS_EMBED_SWIFT_STANDARD_LIBRARIES = YES;
				CODE_SIGN_STYLE = Automatic;
				CURRENT_PROJECT_VERSION = 1;
				DEVELOPMENT_TEAM = 893B7F9TL7;
				GENERATE_INFOPLIST_FILE = YES;
				IPHONEOS_DEPLOYMENT_TARGET = 17.0;
				MACOSX_DEPLOYMENT_TARGET = 13.5;
				MARKETING_VERSION = 1.0;
				PRODUCT_BUNDLE_IDENTIFIER = com.emelagudev.SwiftTVUITests;
				PRODUCT_NAME = "$(TARGET_NAME)";
				SDKROOT = auto;
				SUPPORTED_PLATFORMS = "iphoneos iphonesimulator macosx";
				SWIFT_EMIT_LOC_STRINGS = NO;
				SWIFT_VERSION = 5.0;
				TARGETED_DEVICE_FAMILY = "1,2";
				TEST_TARGET_NAME = SwiftTV;
			};
			name = Debug;
		};
		323132FD2AC0D53B0088639E /* Release */ = {
			isa = XCBuildConfiguration;
			buildSettings = {
				ALWAYS_EMBED_SWIFT_STANDARD_LIBRARIES = YES;
				CODE_SIGN_STYLE = Automatic;
				CURRENT_PROJECT_VERSION = 1;
				DEVELOPMENT_TEAM = 893B7F9TL7;
				GENERATE_INFOPLIST_FILE = YES;
				IPHONEOS_DEPLOYMENT_TARGET = 17.0;
				MACOSX_DEPLOYMENT_TARGET = 13.5;
				MARKETING_VERSION = 1.0;
				PRODUCT_BUNDLE_IDENTIFIER = com.emelagudev.SwiftTVUITests;
				PRODUCT_NAME = "$(TARGET_NAME)";
				SDKROOT = auto;
				SUPPORTED_PLATFORMS = "iphoneos iphonesimulator macosx";
				SWIFT_EMIT_LOC_STRINGS = NO;
				SWIFT_VERSION = 5.0;
				TARGETED_DEVICE_FAMILY = "1,2";
				TEST_TARGET_NAME = SwiftTV;
			};
			name = Release;
		};
/* End XCBuildConfiguration section */

/* Begin XCConfigurationList section */
		323132C92AC0D53A0088639E /* Build configuration list for PBXProject "SwiftTV" */ = {
			isa = XCConfigurationList;
			buildConfigurations = (
				323132F32AC0D53B0088639E /* Debug */,
				323132F42AC0D53B0088639E /* Release */,
			);
			defaultConfigurationIsVisible = 0;
			defaultConfigurationName = Release;
		};
		323132F52AC0D53B0088639E /* Build configuration list for PBXNativeTarget "SwiftTV" */ = {
			isa = XCConfigurationList;
			buildConfigurations = (
				323132F62AC0D53B0088639E /* Debug */,
				323132F72AC0D53B0088639E /* Release */,
			);
			defaultConfigurationIsVisible = 0;
			defaultConfigurationName = Release;
		};
		323132F82AC0D53B0088639E /* Build configuration list for PBXNativeTarget "SwiftTVTests" */ = {
			isa = XCConfigurationList;
			buildConfigurations = (
				323132F92AC0D53B0088639E /* Debug */,
				323132FA2AC0D53B0088639E /* Release */,
			);
			defaultConfigurationIsVisible = 0;
			defaultConfigurationName = Release;
		};
		323132FB2AC0D53B0088639E /* Build configuration list for PBXNativeTarget "SwiftTVUITests" */ = {
			isa = XCConfigurationList;
			buildConfigurations = (
				323132FC2AC0D53B0088639E /* Debug */,
				323132FD2AC0D53B0088639E /* Release */,
			);
			defaultConfigurationIsVisible = 0;
			defaultConfigurationName = Release;
		};
/* End XCConfigurationList section */

/* Begin XCLocalSwiftPackageReference section */
		3231332D2AC0E0FA0088639E /* XCLocalSwiftPackageReference "../MLDCore/MLDCore" */ = {
			isa = XCLocalSwiftPackageReference;
			relativePath = ../MLDCore/MLDCore;
		};
		326BB34C2AC37741006444AE /* XCLocalSwiftPackageReference "../MLDFeatures" */ = {
			isa = XCLocalSwiftPackageReference;
			relativePath = ../MLDFeatures;
		};
/* End XCLocalSwiftPackageReference section */

/* Begin XCRemoteSwiftPackageReference section */
		323132FE2AC0DAA10088639E /* XCRemoteSwiftPackageReference "swift-composable-architecture" */ = {
			isa = XCRemoteSwiftPackageReference;
			repositoryURL = "https://github.com/pointfreeco/swift-composable-architecture";
			requirement = {
				kind = upToNextMajorVersion;
				minimumVersion = 1.2.0;
			};
		};
		323133012AC0DAAF0088639E /* XCRemoteSwiftPackageReference "SFSymbolEnum" */ = {
			isa = XCRemoteSwiftPackageReference;
			repositoryURL = "https://github.com/jollyjinx/SFSymbolEnum";
			requirement = {
				kind = upToNextMajorVersion;
				minimumVersion = 2.3.0;
			};
		};
		329E59DF2AC2F40400D0FBAF /* XCRemoteSwiftPackageReference "swift-power-assert" */ = {
			isa = XCRemoteSwiftPackageReference;
			repositoryURL = "https://github.com/kishikawakatsumi/swift-power-assert.git";
			requirement = {
				kind = upToNextMajorVersion;
				minimumVersion = 0.12.0;
			};
		};
/* End XCRemoteSwiftPackageReference section */

/* Begin XCSwiftPackageProductDependency section */
		323132FF2AC0DAA10088639E /* ComposableArchitecture */ = {
			isa = XCSwiftPackageProductDependency;
			package = 323132FE2AC0DAA10088639E /* XCRemoteSwiftPackageReference "swift-composable-architecture" */;
			productName = ComposableArchitecture;
		};
		323133022AC0DAAF0088639E /* SFSymbolEnum */ = {
			isa = XCSwiftPackageProductDependency;
			package = 323133012AC0DAAF0088639E /* XCRemoteSwiftPackageReference "SFSymbolEnum" */;
			productName = SFSymbolEnum;
		};
		323133082AC0DB7A0088639E /* Data */ = {
			isa = XCSwiftPackageProductDependency;
			productName = Data;
		};
		3231330A2AC0DB7E0088639E /* Domain */ = {
			isa = XCSwiftPackageProductDependency;
			productName = Domain;
		};
		326BB34D2AC37741006444AE /* MLDFeatures */ = {
			isa = XCSwiftPackageProductDependency;
			productName = MLDFeatures;
		};
		329E59C52AC17FB400D0FBAF /* MLDCore */ = {
			isa = XCSwiftPackageProductDependency;
			package = 3231332D2AC0E0FA0088639E /* XCLocalSwiftPackageReference "../MLDCore/MLDCore" */;
			productName = MLDCore;
		};
		329E59E02AC2F40400D0FBAF /* PowerAssert */ = {
			isa = XCSwiftPackageProductDependency;
			package = 329E59DF2AC2F40400D0FBAF /* XCRemoteSwiftPackageReference "swift-power-assert" */;
			productName = PowerAssert;
		};
/* End XCSwiftPackageProductDependency section */
	};
	rootObject = 323132C62AC0D53A0088639E /* Project object */;
}
